
Microsoft Visual Studio Solution File, Format Version 12.00
# Visual Studio 2012
Project("{FAE04EC0-301F-11D3-BF4B-00C04F79EFBC}") = "EightBot.Droid.FloatLabeledEditText", "EightBot.Droid.FloatLabeledEditText\EightBot.Droid.FloatLabeledEditText.csproj", "{0229454C-D104-494C-ADA1-5B55BA977972}"
EndProject
Project("{FAE04EC0-301F-11D3-BF4B-00C04F79EFBC}") = "EightBot.Droid.FloatLabeledEditText.Sample", "EightBot.Droid.FloatLabeledEditText.Sample\EightBot.Droid.FloatLabeledEditText.Sample.csproj", "{87D2CCCD-BBEF-48EE-822F-FF890F32B5B0}"
EndProject
Global
	GlobalSection(SolutionConfigurationPlatforms) = preSolution
		Debug|Any CPU = Debug|Any CPU
		Release|Any CPU = Release|Any CPU
	EndGlobalSection
	GlobalSection(ProjectConfigurationPlatforms) = postSolution
		{0229454C-D104-494C-ADA1-5B55BA977972}.Debug|Any CPU.ActiveCfg = Debug|Any CPU
		{0229454C-D104-494C-ADA1-5B55BA977972}.Debug|Any CPU.Build.0 = Debug|Any CPU
		{0229454C-D104-494C-ADA1-5B55BA977972}.Release|Any CPU.ActiveCfg = Release|Any CPU
		{0229454C-D104-494C-ADA1-5B55BA977972}.Release|Any CPU.Build.0 = Release|Any CPU
		{87D2CCCD-BBEF-48EE-822F-FF890F32B5B0}.Debug|Any CPU.ActiveCfg = Debug|Any CPU
		{87D2CCCD-BBEF-48EE-822F-FF890F32B5B0}.Debug|Any CPU.Build.0 = Debug|Any CPU
		{87D2CCCD-BBEF-48EE-822F-FF890F32B5B0}.Release|Any CPU.ActiveCfg = Release|Any CPU
		{87D2CCCD-BBEF-48EE-822F-FF890F32B5B0}.Release|Any CPU.Build.0 = Release|Any CPU
	EndGlobalSection
	GlobalSection(MonoDevelopProperties) = preSolution
		StartupItem = EightBot.Droid.FloatLabeledEditText.Sample\EightBot.Droid.FloatLabeledEditText.Sample.csproj
	EndGlobalSection
EndGlobal
